// !$*UTF8*$!
{
	archiveVersion = 1;
	classes = {
	};
	objectVersion = 46;
	objects = {

/* Begin PBXBuildFile section */
		4FE79860190B5E680020440C /* Foundation.framework in Frameworks */ = {isa = PBXBuildFile; fileRef = 4FE7985F190B5E680020440C /* Foundation.framework */; };
		4FE79862190B5E680020440C /* CoreGraphics.framework in Frameworks */ = {isa = PBXBuildFile; fileRef = 4FE79861190B5E680020440C /* CoreGraphics.framework */; };
		4FE79864190B5E680020440C /* UIKit.framework in Frameworks */ = {isa = PBXBuildFile; fileRef = 4FE79863190B5E680020440C /* UIKit.framework */; };
		4FE7986A190B5E680020440C /* InfoPlist.strings in Resources */ = {isa = PBXBuildFile; fileRef = 4FE79868190B5E680020440C /* InfoPlist.strings */; };
		4FE7986C190B5E680020440C /* main.m in Sources */ = {isa = PBXBuildFile; fileRef = 4FE7986B190B5E680020440C /* main.m */; };
		4FE79870190B5E680020440C /* flashAppDelegate.m in Sources */ = {isa = PBXBuildFile; fileRef = 4FE7986F190B5E680020440C /* flashAppDelegate.m */; };
		4FE79873190B5E680020440C /* Main.storyboard in Resources */ = {isa = PBXBuildFile; fileRef = 4FE79871190B5E680020440C /* Main.storyboard */; };
		4FE79876190B5E680020440C /* flashViewController.m in Sources */ = {isa = PBXBuildFile; fileRef = 4FE79875190B5E680020440C /* flashViewController.m */; };
		4FE79878190B5E680020440C /* Images.xcassets in Resources */ = {isa = PBXBuildFile; fileRef = 4FE79877190B5E680020440C /* Images.xcassets */; };
		4FE7987F190B5E680020440C /* XCTest.framework in Frameworks */ = {isa = PBXBuildFile; fileRef = 4FE7987E190B5E680020440C /* XCTest.framework */; };
		4FE79880190B5E680020440C /* Foundation.framework in Frameworks */ = {isa = PBXBuildFile; fileRef = 4FE7985F190B5E680020440C /* Foundation.framework */; };
		4FE79881190B5E680020440C /* UIKit.framework in Frameworks */ = {isa = PBXBuildFile; fileRef = 4FE79863190B5E680020440C /* UIKit.framework */; };
		4FE79889190B5E680020440C /* InfoPlist.strings in Resources */ = {isa = PBXBuildFile; fileRef = 4FE79887190B5E680020440C /* InfoPlist.strings */; };
		4FE7988B190B5E680020440C /* Quik_ConvertTests.m in Sources */ = {isa = PBXBuildFile; fileRef = 4FE7988A190B5E680020440C /* Quik_ConvertTests.m */; };
/* End PBXBuildFile section */

/* Begin PBXContainerItemProxy section */
		4FE79882190B5E680020440C /* PBXContainerItemProxy */ = {
			isa = PBXContainerItemProxy;
			containerPortal = 4FE79854190B5E680020440C /* Project object */;
			proxyType = 1;
			remoteGlobalIDString = 4FE7985B190B5E680020440C;
			remoteInfo = "Quik Convert";
		};
/* End PBXContainerItemProxy section */

/* Begin PBXFileReference section */
		4FE7985C190B5E680020440C /* Quik Convert.app */ = {isa = PBXFileReference; explicitFileType = wrapper.application; includeInIndex = 0; path = "Quik Convert.app"; sourceTree = BUILT_PRODUCTS_DIR; };
		4FE7985F190B5E680020440C /* Foundation.framework */ = {isa = PBXFileReference; lastKnownFileType = wrapper.framework; name = Foundation.framework; path = System/Library/Frameworks/Foundation.framework; sourceTree = SDKROOT; };
		4FE79861190B5E680020440C /* CoreGraphics.framework */ = {isa = PBXFileReference; lastKnownFileType = wrapper.framework; name = CoreGraphics.framework; path = System/Library/Frameworks/CoreGraphics.framework; sourceTree = SDKROOT; };
		4FE79863190B5E680020440C /* UIKit.framework */ = {isa = PBXFileReference; lastKnownFileType = wrapper.framework; name = UIKit.framework; path = System/Library/Frameworks/UIKit.framework; sourceTree = SDKROOT; };
		4FE79867190B5E680020440C /* Quik Convert-Info.plist */ = {isa = PBXFileReference; lastKnownFileType = text.plist.xml; path = "Quik Convert-Info.plist"; sourceTree = "<group>"; };
		4FE79869190B5E680020440C /* en */ = {isa = PBXFileReference; lastKnownFileType = text.plist.strings; name = en; path = en.lproj/InfoPlist.strings; sourceTree = "<group>"; };
		4FE7986B190B5E680020440C /* main.m */ = {isa = PBXFileReference; lastKnownFileType = sourcecode.c.objc; path = main.m; sourceTree = "<group>"; };
		4FE7986D190B5E680020440C /* Quik Convert-Prefix.pch */ = {isa = PBXFileReference; lastKnownFileType = sourcecode.c.h; path = "Quik Convert-Prefix.pch"; sourceTree = "<group>"; };
		4FE7986E190B5E680020440C /* flashAppDelegate.h */ = {isa = PBXFileReference; lastKnownFileType = sourcecode.c.h; path = flashAppDelegate.h; sourceTree = "<group>"; };
		4FE7986F190B5E680020440C /* flashAppDelegate.m */ = {isa = PBXFileReference; lastKnownFileType = sourcecode.c.objc; path = flashAppDelegate.m; sourceTree = "<group>"; };
		4FE79872190B5E680020440C /* Base */ = {isa = PBXFileReference; lastKnownFileType = file.storyboard; name = Base; path = Base.lproj/Main.storyboard; sourceTree = "<group>"; };
		4FE79874190B5E680020440C /* flashViewController.h */ = {isa = PBXFileReference; lastKnownFileType = sourcecode.c.h; path = flashViewController.h; sourceTree = "<group>"; };
		4FE79875190B5E680020440C /* flashViewController.m */ = {isa = PBXFileReference; lastKnownFileType = sourcecode.c.objc; path = flashViewController.m; sourceTree = "<group>"; };
		4FE79877190B5E680020440C /* Images.xcassets */ = {isa = PBXFileReference; lastKnownFileType = folder.assetcatalog; path = Images.xcassets; sourceTree = "<group>"; };
		4FE7987D190B5E680020440C /* Quik ConvertTests.xctest */ = {isa = PBXFileReference; explicitFileType = wrapper.cfbundle; includeInIndex = 0; path = "Quik ConvertTests.xctest"; sourceTree = BUILT_PRODUCTS_DIR; };
		4FE7987E190B5E680020440C /* XCTest.framework */ = {isa = PBXFileReference; lastKnownFileType = wrapper.framework; name = XCTest.framework; path = Library/Frameworks/XCTest.framework; sourceTree = DEVELOPER_DIR; };
		4FE79886190B5E680020440C /* Quik ConvertTests-Info.plist */ = {isa = PBXFileReference; lastKnownFileType = text.plist.xml; path = "Quik ConvertTests-Info.plist"; sourceTree = "<group>"; };
		4FE79888190B5E680020440C /* en */ = {isa = PBXFileReference; lastKnownFileType = text.plist.strings; name = en; path = en.lproj/InfoPlist.strings; sourceTree = "<group>"; };
		4FE7988A190B5E680020440C /* Quik_ConvertTests.m */ = {isa = PBXFileReference; lastKnownFileType = sourcecode.c.objc; path = Quik_ConvertTests.m; sourceTree = "<group>"; };
/* End PBXFileReference section */

/* Begin PBXFrameworksBuildPhase section */
		4FE79859190B5E680020440C /* Frameworks */ = {
			isa = PBXFrameworksBuildPhase;
			buildActionMask = 2147483647;
			files = (
				4FE79862190B5E680020440C /* CoreGraphics.framework in Frameworks */,
				4FE79864190B5E680020440C /* UIKit.framework in Frameworks */,
				4FE79860190B5E680020440C /* Foundation.framework in Frameworks */,
			);
			runOnlyForDeploymentPostprocessing = 0;
		};
		4FE7987A190B5E680020440C /* Frameworks */ = {
			isa = PBXFrameworksBuildPhase;
			buildActionMask = 2147483647;
			files = (
				4FE7987F190B5E680020440C /* XCTest.framework in Frameworks */,
				4FE79881190B5E680020440C /* UIKit.framework in Frameworks */,
				4FE79880190B5E680020440C /* Foundation.framework in Frameworks */,
			);
			runOnlyForDeploymentPostprocessing = 0;
		};
/* End PBXFrameworksBuildPhase section */

/* Begin PBXGroup section */
		4FE79853190B5E680020440C = {
			isa = PBXGroup;
			children = (
				4FE79865190B5E680020440C /* Quik Convert */,
				4FE79884190B5E680020440C /* Quik ConvertTests */,
				4FE7985E190B5E680020440C /* Frameworks */,
				4FE7985D190B5E680020440C /* Products */,
			);
			sourceTree = "<group>";
		};
		4FE7985D190B5E680020440C /* Products */ = {
			isa = PBXGroup;
			children = (
				4FE7985C190B5E680020440C /* Quik Convert.app */,
				4FE7987D190B5E680020440C /* Quik ConvertTests.xctest */,
			);
			name = Products;
			sourceTree = "<group>";
		};
		4FE7985E190B5E680020440C /* Frameworks */ = {
			isa = PBXGroup;
			children = (
				4FE7985F190B5E680020440C /* Foundation.framework */,
				4FE79861190B5E680020440C /* CoreGraphics.framework */,
				4FE79863190B5E680020440C /* UIKit.framework */,
				4FE7987E190B5E680020440C /* XCTest.framework */,
			);
			name = Frameworks;
			sourceTree = "<group>";
		};
		4FE79865190B5E680020440C /* Quik Convert */ = {
			isa = PBXGroup;
			children = (
				4FE7986E190B5E680020440C /* flashAppDelegate.h */,
				4FE7986F190B5E680020440C /* flashAppDelegate.m */,
				4FE79871190B5E680020440C /* Main.storyboard */,
				4FE79874190B5E680020440C /* flashViewController.h */,
				4FE79875190B5E680020440C /* flashViewController.m */,
				4FE79877190B5E680020440C /* Images.xcassets */,
				4FE79866190B5E680020440C /* Supporting Files */,
			);
			path = "Quik Convert";
			sourceTree = "<group>";
		};
		4FE79866190B5E680020440C /* Supporting Files */ = {
			isa = PBXGroup;
			children = (
				4FE79867190B5E680020440C /* Quik Convert-Info.plist */,
				4FE79868190B5E680020440C /* InfoPlist.strings */,
				4FE7986B190B5E680020440C /* main.m */,
				4FE7986D190B5E680020440C /* Quik Convert-Prefix.pch */,
			);
			name = "Supporting Files";
			sourceTree = "<group>";
		};
		4FE79884190B5E680020440C /* Quik ConvertTests */ = {
			isa = PBXGroup;
			children = (
				4FE7988A190B5E680020440C /* Quik_ConvertTests.m */,
				4FE79885190B5E680020440C /* Supporting Files */,
			);
			path = "Quik ConvertTests";
			sourceTree = "<group>";
		};
		4FE79885190B5E680020440C /* Supporting Files */ = {
			isa = PBXGroup;
			children = (
				4FE79886190B5E680020440C /* Quik ConvertTests-Info.plist */,
				4FE79887190B5E680020440C /* InfoPlist.strings */,
			);
			name = "Supporting Files";
			sourceTree = "<group>";
		};
/* End PBXGroup section */

/* Begin PBXNativeTarget section */
		4FE7985B190B5E680020440C /* Quik Convert */ = {
			isa = PBXNativeTarget;
			buildConfigurationList = 4FE7988E190B5E680020440C /* Build configuration list for PBXNativeTarget "Quik Convert" */;
			buildPhases = (
				4FE79858190B5E680020440C /* Sources */,
				4FE79859190B5E680020440C /* Frameworks */,
				4FE7985A190B5E680020440C /* Resources */,
			);
			buildRules = (
			);
			dependencies = (
			);
			name = "Quik Convert";
			productName = "Quik Convert";
			productReference = 4FE7985C190B5E680020440C /* Quik Convert.app */;
			productType = "com.apple.product-type.application";
		};
		4FE7987C190B5E680020440C /* Quik ConvertTests */ = {
			isa = PBXNativeTarget;
			buildConfigurationList = 4FE79891190B5E680020440C /* Build configuration list for PBXNativeTarget "Quik ConvertTests" */;
			buildPhases = (
				4FE79879190B5E680020440C /* Sources */,
				4FE7987A190B5E680020440C /* Frameworks */,
				4FE7987B190B5E680020440C /* Resources */,
			);
			buildRules = (
			);
			dependencies = (
				4FE79883190B5E680020440C /* PBXTargetDependency */,
			);
			name = "Quik ConvertTests";
			productName = "Quik ConvertTests";
			productReference = 4FE7987D190B5E680020440C /* Quik ConvertTests.xctest */;
			productType = "com.apple.product-type.bundle.unit-test";
		};
/* End PBXNativeTarget section */

/* Begin PBXProject section */
		4FE79854190B5E680020440C /* Project object */ = {
			isa = PBXProject;
			attributes = {
				CLASSPREFIX = flash;
				LastUpgradeCheck = 0500;
				ORGANIZATIONNAME = "Joseph Kunzler";
				TargetAttributes = {
					4FE7987C190B5E680020440C = {
						TestTargetID = 4FE7985B190B5E680020440C;
					};
				};
			};
			buildConfigurationList = 4FE79857190B5E680020440C /* Build configuration list for PBXProject "Quik Convert" */;
			compatibilityVersion = "Xcode 3.2";
			developmentRegion = English;
			hasScannedForEncodings = 0;
			knownRegions = (
				en,
				Base,
			);
			mainGroup = 4FE79853190B5E680020440C;
			productRefGroup = 4FE7985D190B5E680020440C /* Products */;
			projectDirPath = "";
			projectRoot = "";
			targets = (
				4FE7985B190B5E680020440C /* Quik Convert */,
				4FE7987C190B5E680020440C /* Quik ConvertTests */,
			);
		};
/* End PBXProject section */

/* Begin PBXResourcesBuildPhase section */
		4FE7985A190B5E680020440C /* Resources */ = {
			isa = PBXResourcesBuildPhase;
			buildActionMask = 2147483647;
			files = (
				4FE79878190B5E680020440C /* Images.xcassets in Resources */,
				4FE7986A190B5E680020440C /* InfoPlist.strings in Resources */,
				4FE79873190B5E680020440C /* Main.storyboard in Resources */,
			);
			runOnlyForDeploymentPostprocessing = 0;
		};
		4FE7987B190B5E680020440C /* Resources */ = {
			isa = PBXResourcesBuildPhase;
			buildActionMask = 2147483647;
			files = (
				4FE79889190B5E680020440C /* InfoPlist.strings in Resources */,
			);
			runOnlyForDeploymentPostprocessing = 0;
		};
/* End PBXResourcesBuildPhase section */

/* Begin PBXSourcesBuildPhase section */
		4FE79858190B5E680020440C /* Sources */ = {
			isa = PBXSourcesBuildPhase;
			buildActionMask = 2147483647;
			files = (
				4FE7986C190B5E680020440C /* main.m in Sources */,
				4FE79870190B5E680020440C /* flashAppDelegate.m in Sources */,
				4FE79876190B5E680020440C /* flashViewController.m in Sources */,
			);
			runOnlyForDeploymentPostprocessing = 0;
		};
		4FE79879190B5E680020440C /* Sources */ = {
			isa = PBXSourcesBuildPhase;
			buildActionMask = 2147483647;
			files = (
				4FE7988B190B5E680020440C /* Quik_ConvertTests.m in Sources */,
			);
			runOnlyForDeploymentPostprocessing = 0;
		};
/* End PBXSourcesBuildPhase section */

/* Begin PBXTargetDependency section */
		4FE79883190B5E680020440C /* PBXTargetDependency */ = {
			isa = PBXTargetDependency;
			target = 4FE7985B190B5E680020440C /* Quik Convert */;
			targetProxy = 4FE79882190B5E680020440C /* PBXContainerItemProxy */;
		};
/* End PBXTargetDependency section */

/* Begin PBXVariantGroup section */
		4FE79868190B5E680020440C /* InfoPlist.strings */ = {
			isa = PBXVariantGroup;
			children = (
				4FE79869190B5E680020440C /* en */,
			);
			name = InfoPlist.strings;
			sourceTree = "<group>";
		};
		4FE79871190B5E680020440C /* Main.storyboard */ = {
			isa = PBXVariantGroup;
			children = (
				4FE79872190B5E680020440C /* Base */,
			);
			name = Main.storyboard;
			sourceTree = "<group>";
		};
		4FE79887190B5E680020440C /* InfoPlist.strings */ = {
			isa = PBXVariantGroup;
			children = (
				4FE79888190B5E680020440C /* en */,
			);
			name = InfoPlist.strings;
			sourceTree = "<group>";
		};
/* End PBXVariantGroup section */

/* Begin XCBuildConfiguration section */
		4FE7988C190B5E680020440C /* Debug */ = {
			isa = XCBuildConfiguration;
			buildSettings = {
				ALWAYS_SEARCH_USER_PATHS = NO;
				ARCHS = "$(ARCHS_STANDARD_INCLUDING_64_BIT)";
				CLANG_CXX_LANGUAGE_STANDARD = "gnu++0x";
				CLANG_CXX_LIBRARY = "libc++";
				CLANG_ENABLE_MODULES = YES;
				CLANG_ENABLE_OBJC_ARC = YES;
				CLANG_WARN_BOOL_CONVERSION = YES;
				CLANG_WARN_CONSTANT_CONVERSION = YES;
				CLANG_WARN_DIRECT_OBJC_ISA_USAGE = YES_ERROR;
				CLANG_WARN_EMPTY_BODY = YES;
				CLANG_WARN_ENUM_CONVERSION = YES;
				CLANG_WARN_INT_CONVERSION = YES;
				CLANG_WARN_OBJC_ROOT_CLASS = YES_ERROR;
				CLANG_WARN__DUPLICATE_METHOD_MATCH = YES;
				"CODE_SIGN_IDENTITY[sdk=iphoneos*]" = "iPhone Developer";
				COPY_PHASE_STRIP = NO;
				GCC_C_LANGUAGE_STANDARD = gnu99;
				GCC_DYNAMIC_NO_PIC = NO;
				GCC_OPTIMIZATION_LEVEL = 0;
				GCC_PREPROCESSOR_DEFINITIONS = (
					"DEBUG=1",
					"$(inherited)",
				);
				GCC_SYMBOLS_PRIVATE_EXTERN = NO;
				GCC_WARN_64_TO_32_BIT_CONVERSION = YES;
				GCC_WARN_ABOUT_RETURN_TYPE = YES_ERROR;
				GCC_WARN_UNDECLARED_SELECTOR = YES;
				GCC_WARN_UNINITIALIZED_AUTOS = YES;
				GCC_WARN_UNUSED_FUNCTION = YES;
				GCC_WARN_UNUSED_VARIABLE = YES;
				IPHONEOS_DEPLOYMENT_TARGET = 7.0;
				ONLY_ACTIVE_ARCH = YES;
				SDKROOT = iphoneos;
			};
			name = Debug;
		};
		4FE7988D190B5E680020440C /* Release */ = {
			isa = XCBuildConfiguration;
			buildSettings = {
				ALWAYS_SEARCH_USER_PATHS = NO;
				ARCHS = "$(ARCHS_STANDARD_INCLUDING_64_BIT)";
				CLANG_CXX_LANGUAGE_STANDARD = "gnu++0x";
				CLANG_CXX_LIBRARY = "libc++";
				CLANG_ENABLE_MODULES = YES;
				CLANG_ENABLE_OBJC_ARC = YES;
				CLANG_WARN_BOOL_CONVERSION = YES;
				CLANG_WARN_CONSTANT_CONVERSION = YES;
				CLANG_WARN_DIRECT_OBJC_ISA_USAGE = YES_ERROR;
				CLANG_WARN_EMPTY_BODY = YES;
				CLANG_WARN_ENUM_CONVERSION = YES;
				CLANG_WARN_INT_CONVERSION = YES;
				CLANG_WARN_OBJC_ROOT_CLASS = YES_ERROR;
				CLANG_WARN__DUPLICATE_METHOD_MATCH = YES;
				"CODE_SIGN_IDENTITY[sdk=iphoneos*]" = "iPhone Developer";
				COPY_PHASE_STRIP = YES;
				ENABLE_NS_ASSERTIONS = NO;
				GCC_C_LANGUAGE_STANDARD = gnu99;
				GCC_WARN_64_TO_32_BIT_CONVERSION = YES;
				GCC_WARN_ABOUT_RETURN_TYPE = YES_ERROR;
				GCC_WARN_UNDECLARED_SELECTOR = YES;
				GCC_WARN_UNINITIALIZED_AUTOS = YES;
				GCC_WARN_UNUSED_FUNCTION = YES;
				GCC_WARN_UNUSED_VARIABLE = YES;
				IPHONEOS_DEPLOYMENT_TARGET = 7.0;
				SDKROOT = iphoneos;
				VALIDATE_PRODUCT = YES;
			};
			name = Release;
		};
		4FE7988F190B5E680020440C /* Debug */ = {
			isa = XCBuildConfiguration;
			buildSettings = {
				ASSETCATALOG_COMPILER_APPICON_NAME = AppIcon;
				ASSETCATALOG_COMPILER_LAUNCHIMAGE_NAME = LaunchImage;
				GCC_PRECOMPILE_PREFIX_HEADER = YES;
				GCC_PREFIX_HEADER = "Quik Convert/Quik Convert-Prefix.pch";
				INFOPLIST_FILE = "Quik Convert/Quik Convert-Info.plist";
				PRODUCT_NAME = "$(TARGET_NAME)";
				WRAPPER_EXTENSION = app;
			};
			name = Debug;
		};
		4FE79890190B5E680020440C /* Release */ = {
			isa = XCBuildConfiguration;
			buildSettings = {
				ASSETCATALOG_COMPILER_APPICON_NAME = AppIcon;
				ASSETCATALOG_COMPILER_LAUNCHIMAGE_NAME = LaunchImage;
				GCC_PRECOMPILE_PREFIX_HEADER = YES;
				GCC_PREFIX_HEADER = "Quik Convert/Quik Convert-Prefix.pch";
				INFOPLIST_FILE = "Quik Convert/Quik Convert-Info.plist";
				PRODUCT_NAME = "$(TARGET_NAME)";
				WRAPPER_EXTENSION = app;
			};
			name = Release;
		};
		4FE79892190B5E680020440C /* Debug */ = {
			isa = XCBuildConfiguration;
			buildSettings = {
				ARCHS = "$(ARCHS_STANDARD_INCLUDING_64_BIT)";
				BUNDLE_LOADER = "$(BUILT_PRODUCTS_DIR)/Quik Convert.app/Quik Convert";
				FRAMEWORK_SEARCH_PATHS = (
					"$(SDKROOT)/Developer/Library/Frameworks",
					"$(inherited)",
					"$(DEVELOPER_FRAMEWORKS_DIR)",
				);
				GCC_PRECOMPILE_PREFIX_HEADER = YES;
				GCC_PREFIX_HEADER = "Quik Convert/Quik Convert-Prefix.pch";
				GCC_PREPROCESSOR_DEFINITIONS = (
					"DEBUG=1",
					"$(inherited)",
				);
				INFOPLIST_FILE = "Quik ConvertTests/Quik ConvertTests-Info.plist";
				PRODUCT_NAME = "$(TARGET_NAME)";
				TEST_HOST = "$(BUNDLE_LOADER)";
				WRAPPER_EXTENSION = xctest;
			};
			name = Debug;
		};
		4FE79893190B5E680020440C /* Release */ = {
			isa = XCBuildConfiguration;
			buildSettings = {
				ARCHS = "$(ARCHS_STANDARD_INCLUDING_64_BIT)";
				BUNDLE_LOADER = "$(BUILT_PRODUCTS_DIR)/Quik Convert.app/Quik Convert";
				FRAMEWORK_SEARCH_PATHS = (
					"$(SDKROOT)/Developer/Library/Frameworks",
					"$(inherited)",
					"$(DEVELOPER_FRAMEWORKS_DIR)",
				);
				GCC_PRECOMPILE_PREFIX_HEADER = YES;
				GCC_PREFIX_HEADER = "Quik Convert/Quik Convert-Prefix.pch";
				INFOPLIST_FILE = "Quik ConvertTests/Quik ConvertTests-Info.plist";
				PRODUCT_NAME = "$(TARGET_NAME)";
				TEST_HOST = "$(BUNDLE_LOADER)";
				WRAPPER_EXTENSION = xctest;
			};
			name = Release;
		};
/* End XCBuildConfiguration section */

/* Begin XCConfigurationList section */
		4FE79857190B5E680020440C /* Build configuration list for PBXProject "Quik Convert" */ = {
			isa = XCConfigurationList;
			buildConfigurations = (
				4FE7988C190B5E680020440C /* Debug */,
				4FE7988D190B5E680020440C /* Release */,
			);
			defaultConfigurationIsVisible = 0;
			defaultConfigurationName = Release;
		};
		4FE7988E190B5E680020440C /* Build configuration list for PBXNativeTarget "Quik Convert" */ = {
			isa = XCConfigurationList;
			buildConfigurations = (
				4FE7988F190B5E680020440C /* Debug */,
				4FE79890190B5E680020440C /* Release */,
			);
			defaultConfigurationIsVisible = 0;
		};
		4FE79891190B5E680020440C /* Build configuration list for PBXNativeTarget "Quik ConvertTests" */ = {
			isa = XCConfigurationList;
			buildConfigurations = (
				4FE79892190B5E680020440C /* Debug */,
				4FE79893190B5E680020440C /* Release */,
			);
			defaultConfigurationIsVisible = 0;
		};
/* End XCConfigurationList section */
	};
	rootObject = 4FE79854190B5E680020440C /* Project object */;
}
